// !$*UTF8*$!
{
	archiveVersion = 1;
	classes = {
	};
	objectVersion = 51;
	objects = {

/* Begin PBXBuildFile section */
		337E187E2558897300C232B9 /* AppDelegate.swift in Sources */ = {isa = PBXBuildFile; fileRef = 337E187D2558897300C232B9 /* AppDelegate.swift */; };
		337E18802558897300C232B9 /* SceneDelegate.swift in Sources */ = {isa = PBXBuildFile; fileRef = 337E187F2558897300C232B9 /* SceneDelegate.swift */; };
		337E18822558897300C232B9 /* ViewController.swift in Sources */ = {isa = PBXBuildFile; fileRef = 337E18812558897300C232B9 /* ViewController.swift */; };
		337E18852558897300C232B9 /* Main.storyboard in Resources */ = {isa = PBXBuildFile; fileRef = 337E18832558897300C232B9 /* Main.storyboard */; };
		337E18872558897400C232B9 /* Assets.xcassets in Resources */ = {isa = PBXBuildFile; fileRef = 337E18862558897400C232B9 /* Assets.xcassets */; };
		337E188A2558897400C232B9 /* LaunchScreen.storyboard in Resources */ = {isa = PBXBuildFile; fileRef = 337E18882558897400C232B9 /* LaunchScreen.storyboard */; };
		337E189525588C4200C232B9 /* HealthKit.framework in Frameworks */ = {isa = PBXBuildFile; fileRef = 337E189425588C4200C232B9 /* HealthKit.framework */; };
		337E189D25589E8100C232B9 /* SKCollectionViewCell.swift in Sources */ = {isa = PBXBuildFile; fileRef = 337E189C25589E8100C232B9 /* SKCollectionViewCell.swift */; };
		337E18A42558A15300C232B9 /* ViewControllerDetail.swift in Sources */ = {isa = PBXBuildFile; fileRef = 337E18A32558A15300C232B9 /* ViewControllerDetail.swift */; };
		E72DE81CF160809380079D5A /* Pods_LifeDistance.framework in Frameworks */ = {isa = PBXBuildFile; fileRef = ADD03D061AA7D5DF21EDE360 /* Pods_LifeDistance.framework */; };
/* End PBXBuildFile section */

/* Begin PBXFileReference section */
		337E187A2558897300C232B9 /* LifeDistance.app */ = {isa = PBXFileReference; explicitFileType = wrapper.application; includeInIndex = 0; path = LifeDistance.app; sourceTree = BUILT_PRODUCTS_DIR; };
		337E187D2558897300C232B9 /* AppDelegate.swift */ = {isa = PBXFileReference; lastKnownFileType = sourcecode.swift; path = AppDelegate.swift; sourceTree = "<group>"; };
		337E187F2558897300C232B9 /* SceneDelegate.swift */ = {isa = PBXFileReference; lastKnownFileType = sourcecode.swift; path = SceneDelegate.swift; sourceTree = "<group>"; };
		337E18812558897300C232B9 /* ViewController.swift */ = {isa = PBXFileReference; lastKnownFileType = sourcecode.swift; path = ViewController.swift; sourceTree = "<group>"; };
		337E18842558897300C232B9 /* Base */ = {isa = PBXFileReference; lastKnownFileType = file.storyboard; name = Base; path = Base.lproj/Main.storyboard; sourceTree = "<group>"; };
		337E18862558897400C232B9 /* Assets.xcassets */ = {isa = PBXFileReference; lastKnownFileType = folder.assetcatalog; path = Assets.xcassets; sourceTree = "<group>"; };
		337E18892558897400C232B9 /* Base */ = {isa = PBXFileReference; lastKnownFileType = file.storyboard; name = Base; path = Base.lproj/LaunchScreen.storyboard; sourceTree = "<group>"; };
		337E188B2558897400C232B9 /* Info.plist */ = {isa = PBXFileReference; lastKnownFileType = text.plist.xml; path = Info.plist; sourceTree = "<group>"; };
		337E189225588C4200C232B9 /* LifeDistance.entitlements */ = {isa = PBXFileReference; lastKnownFileType = text.plist.entitlements; path = LifeDistance.entitlements; sourceTree = "<group>"; };
		337E189425588C4200C232B9 /* HealthKit.framework */ = {isa = PBXFileReference; lastKnownFileType = wrapper.framework; name = HealthKit.framework; path = System/Library/Frameworks/HealthKit.framework; sourceTree = SDKROOT; };
		337E189C25589E8100C232B9 /* SKCollectionViewCell.swift */ = {isa = PBXFileReference; lastKnownFileType = sourcecode.swift; path = SKCollectionViewCell.swift; sourceTree = "<group>"; };
		337E18A32558A15300C232B9 /* ViewControllerDetail.swift */ = {isa = PBXFileReference; lastKnownFileType = sourcecode.swift; path = ViewControllerDetail.swift; sourceTree = "<group>"; };
		3DC42B241968324C33C3AE75 /* Pods-LifeDistance.release.xcconfig */ = {isa = PBXFileReference; includeInIndex = 1; lastKnownFileType = text.xcconfig; name = "Pods-LifeDistance.release.xcconfig"; path = "Target Support Files/Pods-LifeDistance/Pods-LifeDistance.release.xcconfig"; sourceTree = "<group>"; };
		86B5A6D4BEF8F9214ABE88C8 /* Pods-LifeDistance.debug.xcconfig */ = {isa = PBXFileReference; includeInIndex = 1; lastKnownFileType = text.xcconfig; name = "Pods-LifeDistance.debug.xcconfig"; path = "Target Support Files/Pods-LifeDistance/Pods-LifeDistance.debug.xcconfig"; sourceTree = "<group>"; };
		ADD03D061AA7D5DF21EDE360 /* Pods_LifeDistance.framework */ = {isa = PBXFileReference; explicitFileType = wrapper.framework; includeInIndex = 0; path = Pods_LifeDistance.framework; sourceTree = BUILT_PRODUCTS_DIR; };
/* End PBXFileReference section */

/* Begin PBXFrameworksBuildPhase section */
		337E18772558897300C232B9 /* Frameworks */ = {
			isa = PBXFrameworksBuildPhase;
			buildActionMask = 2147483647;
			files = (
				337E189525588C4200C232B9 /* HealthKit.framework in Frameworks */,
				E72DE81CF160809380079D5A /* Pods_LifeDistance.framework in Frameworks */,
			);
			runOnlyForDeploymentPostprocessing = 0;
		};
/* End PBXFrameworksBuildPhase section */

/* Begin PBXGroup section */
		337E18712558897300C232B9 = {
			isa = PBXGroup;
			children = (
				337E187C2558897300C232B9 /* LifeDistance */,
				337E187B2558897300C232B9 /* Products */,
				337E189325588C4200C232B9 /* Frameworks */,
				8D18536D1EFA2FD795B21B7B /* Pods */,
			);
			sourceTree = "<group>";
		};
		337E187B2558897300C232B9 /* Products */ = {
			isa = PBXGroup;
			children = (
				337E187A2558897300C232B9 /* LifeDistance.app */,
			);
			name = Products;
			sourceTree = "<group>";
		};
		337E187C2558897300C232B9 /* LifeDistance */ = {
			isa = PBXGroup;
			children = (
				337E189225588C4200C232B9 /* LifeDistance.entitlements */,
				337E187D2558897300C232B9 /* AppDelegate.swift */,
				337E187F2558897300C232B9 /* SceneDelegate.swift */,
				337E18812558897300C232B9 /* ViewController.swift */,
				337E18832558897300C232B9 /* Main.storyboard */,
				337E18A32558A15300C232B9 /* ViewControllerDetail.swift */,
				337E189C25589E8100C232B9 /* SKCollectionViewCell.swift */,
				337E18862558897400C232B9 /* Assets.xcassets */,
				337E18882558897400C232B9 /* LaunchScreen.storyboard */,
				337E188B2558897400C232B9 /* Info.plist */,
			);
			path = LifeDistance;
			sourceTree = "<group>";
		};
		337E189325588C4200C232B9 /* Frameworks */ = {
			isa = PBXGroup;
			children = (
				337E189425588C4200C232B9 /* HealthKit.framework */,
				ADD03D061AA7D5DF21EDE360 /* Pods_LifeDistance.framework */,
			);
			name = Frameworks;
			sourceTree = "<group>";
		};
		8D18536D1EFA2FD795B21B7B /* Pods */ = {
			isa = PBXGroup;
			children = (
				86B5A6D4BEF8F9214ABE88C8 /* Pods-LifeDistance.debug.xcconfig */,
				3DC42B241968324C33C3AE75 /* Pods-LifeDistance.release.xcconfig */,
			);
			path = Pods;
			sourceTree = "<group>";
		};
/* End PBXGroup section */

/* Begin PBXNativeTarget section */
		337E18792558897300C232B9 /* LifeDistance */ = {
			isa = PBXNativeTarget;
			buildConfigurationList = 337E188E2558897400C232B9 /* Build configuration list for PBXNativeTarget "LifeDistance" */;
			buildPhases = (
				E0B0CDF7168C29E477E01D60 /* [CP] Check Pods Manifest.lock */,
				337E18762558897300C232B9 /* Sources */,
				337E18772558897300C232B9 /* Frameworks */,
				337E18782558897300C232B9 /* Resources */,
				359E547A7D621BBD363590E1 /* [CP] Embed Pods Frameworks */,
			);
			buildRules = (
			);
			dependencies = (
			);
			name = LifeDistance;
			productName = LifeDistance;
			productReference = 337E187A2558897300C232B9 /* LifeDistance.app */;
			productType = "com.apple.product-type.application";
		};
/* End PBXNativeTarget section */

/* Begin PBXProject section */
		337E18722558897300C232B9 /* Project object */ = {
			isa = PBXProject;
			attributes = {
				LastSwiftUpdateCheck = 1210;
				LastUpgradeCheck = 1210;
				TargetAttributes = {
					337E18792558897300C232B9 = {
						CreatedOnToolsVersion = 12.1;
					};
				};
			};
			buildConfigurationList = 337E18752558897300C232B9 /* Build configuration list for PBXProject "LifeDistance" */;
			compatibilityVersion = "Xcode 9.3";
			developmentRegion = en;
			hasScannedForEncodings = 0;
			knownRegions = (
				en,
				Base,
			);
			mainGroup = 337E18712558897300C232B9;
			productRefGroup = 337E187B2558897300C232B9 /* Products */;
			projectDirPath = "";
			projectRoot = "";
			targets = (
				337E18792558897300C232B9 /* LifeDistance */,
			);
		};
/* End PBXProject section */

/* Begin PBXResourcesBuildPhase section */
		337E18782558897300C232B9 /* Resources */ = {
			isa = PBXResourcesBuildPhase;
			buildActionMask = 2147483647;
			files = (
				337E188A2558897400C232B9 /* LaunchScreen.storyboard in Resources */,
				337E18872558897400C232B9 /* Assets.xcassets in Resources */,
				337E18852558897300C232B9 /* Main.storyboard in Resources */,
			);
			runOnlyForDeploymentPostprocessing = 0;
		};
/* End PBXResourcesBuildPhase section */

/* Begin PBXShellScriptBuildPhase section */
		359E547A7D621BBD363590E1 /* [CP] Embed Pods Frameworks */ = {
			isa = PBXShellScriptBuildPhase;
			buildActionMask = 2147483647;
			files = (
			);
			inputFileListPaths = (
				"${PODS_ROOT}/Target Support Files/Pods-LifeDistance/Pods-LifeDistance-frameworks-${CONFIGURATION}-input-files.xcfilelist",
			);
			name = "[CP] Embed Pods Frameworks";
			outputFileListPaths = (
				"${PODS_ROOT}/Target Support Files/Pods-LifeDistance/Pods-LifeDistance-frameworks-${CONFIGURATION}-output-files.xcfilelist",
			);
			runOnlyForDeploymentPostprocessing = 0;
			shellPath = /bin/sh;
			shellScript = "\"${PODS_ROOT}/Target Support Files/Pods-LifeDistance/Pods-LifeDistance-frameworks.sh\"\n";
			showEnvVarsInLog = 0;
		};
		E0B0CDF7168C29E477E01D60 /* [CP] Check Pods Manifest.lock */ = {
			isa = PBXShellScriptBuildPhase;
			buildActionMask = 2147483647;
			files = (
			);
			inputFileListPaths = (
			);
			inputPaths = (
				"${PODS_PODFILE_DIR_PATH}/Podfile.lock",
				"${PODS_ROOT}/Manifest.lock",
			);
			name = "[CP] Check Pods Manifest.lock";
			outputFileListPaths = (
			);
			outputPaths = (
				"$(DERIVED_FILE_DIR)/Pods-LifeDistance-checkManifestLockResult.txt",
			);
			runOnlyForDeploymentPostprocessing = 0;
			shellPath = /bin/sh;
			shellScript = "diff \"${PODS_PODFILE_DIR_PATH}/Podfile.lock\" \"${PODS_ROOT}/Manifest.lock\" > /dev/null\nif [ $? != 0 ] ; then\n    # print error to STDERR\n    echo \"error: The sandbox is not in sync with the Podfile.lock. Run 'pod install' or update your CocoaPods installation.\" >&2\n    exit 1\nfi\n# This output is used by Xcode 'outputs' to avoid re-running this script phase.\necho \"SUCCESS\" > \"${SCRIPT_OUTPUT_FILE_0}\"\n";
			showEnvVarsInLog = 0;
		};
/* End PBXShellScriptBuildPhase section */

/* Begin PBXSourcesBuildPhase section */
		337E18762558897300C232B9 /* Sources */ = {
			isa = PBXSourcesBuildPhase;
			buildActionMask = 2147483647;
			files = (
				337E18822558897300C232B9 /* ViewController.swift in Sources */,
				337E187E2558897300C232B9 /* AppDelegate.swift in Sources */,
				337E189D25589E8100C232B9 /* SKCollectionViewCell.swift in Sources */,
				337E18802558897300C232B9 /* SceneDelegate.swift in Sources */,
				337E18A42558A15300C232B9 /* ViewControllerDetail.swift in Sources */,
			);
			runOnlyForDeploymentPostprocessing = 0;
		};
/* End PBXSourcesBuildPhase section */

/* Begin PBXVariantGroup section */
		337E18832558897300C232B9 /* Main.storyboard */ = {
			isa = PBXVariantGroup;
			children = (
				337E18842558897300C232B9 /* Base */,
			);
			name = Main.storyboard;
			sourceTree = "<group>";
		};
		337E18882558897400C232B9 /* LaunchScreen.storyboard */ = {
			isa = PBXVariantGroup;
			children = (
				337E18892558897400C232B9 /* Base */,
			);
			name = LaunchScreen.storyboard;
			sourceTree = "<group>";
		};
/* End PBXVariantGroup section */

/* Begin XCBuildConfiguration section */
		337E188C2558897400C232B9 /* Debug */ = {
			isa = XCBuildConfiguration;
			buildSettings = {
				ALWAYS_SEARCH_USER_PATHS = NO;
				CLANG_ANALYZER_NONNULL = YES;
				CLANG_ANALYZER_NUMBER_OBJECT_CONVERSION = YES_AGGRESSIVE;
				CLANG_CXX_LANGUAGE_STANDARD = "gnu++14";
				CLANG_CXX_LIBRARY = "libc++";
				CLANG_ENABLE_MODULES = YES;
				CLANG_ENABLE_OBJC_ARC = YES;
				CLANG_ENABLE_OBJC_WEAK = YES;
				CLANG_WARN_BLOCK_CAPTURE_AUTORELEASING = YES;
				CLANG_WARN_BOOL_CONVERSION = YES;
				CLANG_WARN_COMMA = YES;
				CLANG_WARN_CONSTANT_CONVERSION = YES;
				CLANG_WARN_DEPRECATED_OBJC_IMPLEMENTATIONS = YES;
				CLANG_WARN_DIRECT_OBJC_ISA_USAGE = YES_ERROR;
				CLANG_WARN_DOCUMENTATION_COMMENTS = YES;
				CLANG_WARN_EMPTY_BODY = YES;
				CLANG_WARN_ENUM_CONVERSION = YES;
				CLANG_WARN_INFINITE_RECURSION = YES;
				CLANG_WARN_INT_CONVERSION = YES;
				CLANG_WARN_NON_LITERAL_NULL_CONVERSION = YES;
				CLANG_WARN_OBJC_IMPLICIT_RETAIN_SELF = YES;
				CLANG_WARN_OBJC_LITERAL_CONVERSION = YES;
				CLANG_WARN_OBJC_ROOT_CLASS = YES_ERROR;
				CLANG_WARN_QUOTED_INCLUDE_IN_FRAMEWORK_HEADER = YES;
				CLANG_WARN_RANGE_LOOP_ANALYSIS = YES;
				CLANG_WARN_STRICT_PROTOTYPES = YES;
				CLANG_WARN_SUSPICIOUS_MOVE = YES;
				CLANG_WARN_UNGUARDED_AVAILABILITY = YES_AGGRESSIVE;
				CLANG_WARN_UNREACHABLE_CODE = YES;
				CLANG_WARN__DUPLICATE_METHOD_MATCH = YES;
				COPY_PHASE_STRIP = NO;
				DEBUG_INFORMATION_FORMAT = dwarf;
				ENABLE_STRICT_OBJC_MSGSEND = YES;
				ENABLE_TESTABILITY = YES;
				GCC_C_LANGUAGE_STANDARD = gnu11;
				GCC_DYNAMIC_NO_PIC = NO;
				GCC_NO_COMMON_BLOCKS = YES;
				GCC_OPTIMIZATION_LEVEL = 0;
				GCC_PREPROCESSOR_DEFINITIONS = (
					"DEBUG=1",
					"$(inherited)",
				);
				GCC_WARN_64_TO_32_BIT_CONVERSION = YES;
				GCC_WARN_ABOUT_RETURN_TYPE = YES_ERROR;
				GCC_WARN_UNDECLARED_SELECTOR = YES;
				GCC_WARN_UNINITIALIZED_AUTOS = YES_AGGRESSIVE;
				GCC_WARN_UNUSED_FUNCTION = YES;
				GCC_WARN_UNUSED_VARIABLE = YES;
				IPHONEOS_DEPLOYMENT_TARGET = 14.1;
				MTL_ENABLE_DEBUG_INFO = INCLUDE_SOURCE;
				MTL_FAST_MATH = YES;
				ONLY_ACTIVE_ARCH = YES;
				SDKROOT = iphoneos;
				SWIFT_ACTIVE_COMPILATION_CONDITIONS = DEBUG;
				SWIFT_OPTIMIZATION_LEVEL = "-Onone";
			};
			name = Debug;
		};
		337E188D2558897400C232B9 /* Release */ = {
			isa = XCBuildConfiguration;
			buildSettings = {
				ALWAYS_SEARCH_USER_PATHS = NO;
				CLANG_ANALYZER_NONNULL = YES;
				CLANG_ANALYZER_NUMBER_OBJECT_CONVERSION = YES_AGGRESSIVE;
				CLANG_CXX_LANGUAGE_STANDARD = "gnu++14";
				CLANG_CXX_LIBRARY = "libc++";
				CLANG_ENABLE_MODULES = YES;
				CLANG_ENABLE_OBJC_ARC = YES;
				CLANG_ENABLE_OBJC_WEAK = YES;
				CLANG_WARN_BLOCK_CAPTURE_AUTORELEASING = YES;
				CLANG_WARN_BOOL_CONVERSION = YES;
				CLANG_WARN_COMMA = YES;
				CLANG_WARN_CONSTANT_CONVERSION = YES;
				CLANG_WARN_DEPRECATED_OBJC_IMPLEMENTATIONS = YES;
				CLANG_WARN_DIRECT_OBJC_ISA_USAGE = YES_ERROR;
				CLANG_WARN_DOCUMENTATION_COMMENTS = YES;
				CLANG_WARN_EMPTY_BODY = YES;
				CLANG_WARN_ENUM_CONVERSION = YES;
				CLANG_WARN_INFINITE_RECURSION = YES;
				CLANG_WARN_INT_CONVERSION = YES;
				CLANG_WARN_NON_LITERAL_NULL_CONVERSION = YES;
				CLANG_WARN_OBJC_IMPLICIT_RETAIN_SELF = YES;
				CLANG_WARN_OBJC_LITERAL_CONVERSION = YES;
				CLANG_WARN_OBJC_ROOT_CLASS = YES_ERROR;
				CLANG_WARN_QUOTED_INCLUDE_IN_FRAMEWORK_HEADER = YES;
				CLANG_WARN_RANGE_LOOP_ANALYSIS = YES;
				CLANG_WARN_STRICT_PROTOTYPES = YES;
				CLANG_WARN_SUSPICIOUS_MOVE = YES;
				CLANG_WARN_UNGUARDED_AVAILABILITY = YES_AGGRESSIVE;
				CLANG_WARN_UNREACHABLE_CODE = YES;
				CLANG_WARN__DUPLICATE_METHOD_MATCH = YES;
				COPY_PHASE_STRIP = NO;
				DEBUG_INFORMATION_FORMAT = "dwarf-with-dsym";
				ENABLE_NS_ASSERTIONS = NO;
				ENABLE_STRICT_OBJC_MSGSEND = YES;
				GCC_C_LANGUAGE_STANDARD = gnu11;
				GCC_NO_COMMON_BLOCKS = YES;
				GCC_WARN_64_TO_32_BIT_CONVERSION = YES;
				GCC_WARN_ABOUT_RETURN_TYPE = YES_ERROR;
				GCC_WARN_UNDECLARED_SELECTOR = YES;
				GCC_WARN_UNINITIALIZED_AUTOS = YES_AGGRESSIVE;
				GCC_WARN_UNUSED_FUNCTION = YES;
				GCC_WARN_UNUSED_VARIABLE = YES;
				IPHONEOS_DEPLOYMENT_TARGET = 14.1;
				MTL_ENABLE_DEBUG_INFO = NO;
				MTL_FAST_MATH = YES;
				SDKROOT = iphoneos;
				SWIFT_COMPILATION_MODE = wholemodule;
				SWIFT_OPTIMIZATION_LEVEL = "-O";
				VALIDATE_PRODUCT = YES;
			};
			name = Release;
		};
		337E188F2558897400C232B9 /* Debug */ = {
			isa = XCBuildConfiguration;
			baseConfigurationReference = 86B5A6D4BEF8F9214ABE88C8 /* Pods-LifeDistance.debug.xcconfig */;
			buildSettings = {
				ASSETCATALOG_COMPILER_APPICON_NAME = AppIcon;
				ASSETCATALOG_COMPILER_GLOBAL_ACCENT_COLOR_NAME = AccentColor;
				CODE_SIGN_ENTITLEMENTS = LifeDistance/LifeDistance.entitlements;
				CODE_SIGN_STYLE = Automatic;
				CURRENT_PROJECT_VERSION = 5;
				DEVELOPMENT_TEAM = 7L9HE24692;
				INFOPLIST_FILE = LifeDistance/Info.plist;
				LD_RUNPATH_SEARCH_PATHS = (
					"$(inherited)",
					"@executable_path/Frameworks",
				);
				MARKETING_VERSION = 1.0;
				PRODUCT_BUNDLE_IDENTIFIER = ch.sh3rlock.LifeDistance;
				PRODUCT_NAME = "$(TARGET_NAME)";
				SWIFT_VERSION = 5.0;
				TARGETED_DEVICE_FAMILY = "1,2";
			};
			name = Debug;
		};
		337E18902558897400C232B9 /* Release */ = {
			isa = XCBuildConfiguration;
			baseConfigurationReference = 3DC42B241968324C33C3AE75 /* Pods-LifeDistance.release.xcconfig */;
			buildSettings = {
				ASSETCATALOG_COMPILER_APPICON_NAME = AppIcon;
				ASSETCATALOG_COMPILER_GLOBAL_ACCENT_COLOR_NAME = AccentColor;
				CODE_SIGN_ENTITLEMENTS = LifeDistance/LifeDistance.entitlements;
				CODE_SIGN_STYLE = Automatic;
				CURRENT_PROJECT_VERSION = 5;
				DEVELOPMENT_TEAM = 7L9HE24692;
				INFOPLIST_FILE = LifeDistance/Info.plist;
				LD_RUNPATH_SEARCH_PATHS = (
					"$(inherited)",
					"@executable_path/Frameworks",
				);
				MARKETING_VERSION = 1.0;
				PRODUCT_BUNDLE_IDENTIFIER = ch.sh3rlock.LifeDistance;
				PRODUCT_NAME = "$(TARGET_NAME)";
				SWIFT_VERSION = 5.0;
				TARGETED_DEVICE_FAMILY = "1,2";
			};
			name = Release;
		};
/* End XCBuildConfiguration section */

/* Begin XCConfigurationList section */
		337E18752558897300C232B9 /* Build configuration list for PBXProject "LifeDistance" */ = {
			isa = XCConfigurationList;
			buildConfigurations = (
				337E188C2558897400C232B9 /* Debug */,
				337E188D2558897400C232B9 /* Release */,
			);
			defaultConfigurationIsVisible = 0;
			defaultConfigurationName = Release;
		};
		337E188E2558897400C232B9 /* Build configuration list for PBXNativeTarget "LifeDistance" */ = {
			isa = XCConfigurationList;
			buildConfigurations = (
				337E188F2558897400C232B9 /* Debug */,
				337E18902558897400C232B9 /* Release */,
			);
			defaultConfigurationIsVisible = 0;
			defaultConfigurationName = Release;
		};
/* End XCConfigurationList section */
	};
	rootObject = 337E18722558897300C232B9 /* Project object */;
}
